
Microsoft Visual Studio Solution File, Format Version 12.00
# Visual Studio Version 17
VisualStudioVersion = 17.4.33213.308
MinimumVisualStudioVersion = 10.0.40219.1
Project("{9A19103F-16F7-4668-BE54-9A1E7A4F7556}") = "ClientConvertisseurV1", "ClientConvertisseurV1\ClientConvertisseurV1.csproj", "{8BFBFD95-7551-413D-80E7-3CA7173EB3F4}"
EndProject
Project("{FAE04EC0-301F-11D3-BF4B-00C04F79EFBC}") = "ClientConvertisseurV2", "ClientConvertisseurV2\ClientConvertisseurV2.csproj", "{E8025E06-8EED-4DC9-86E8-264DFEA8ED8D}"
EndProject
Project("{FAE04EC0-301F-11D3-BF4B-00C04F79EFBC}") = "ClientConvertisseurV2Tests1", "ClientConvertisseurV2Tests1\ClientConvertisseurV2Tests1.csproj", "{740042D1-C05A-4DDA-A236-AB08D417D301}"
EndProject
Global
	GlobalSection(SolutionConfigurationPlatforms) = preSolution
		Debug|Any CPU = Debug|Any CPU
		Debug|ARM64 = Debug|ARM64
		Debug|x64 = Debug|x64
		Debug|x86 = Debug|x86
		Release|Any CPU = Release|Any CPU
		Release|ARM64 = Release|ARM64
		Release|x64 = Release|x64
		Release|x86 = Release|x86
	EndGlobalSection
	GlobalSection(ProjectConfigurationPlatforms) = postSolution
		{8BFBFD95-7551-413D-80E7-3CA7173EB3F4}.Debug|Any CPU.ActiveCfg = Debug|x64
		{8BFBFD95-7551-413D-80E7-3CA7173EB3F4}.Debug|Any CPU.Build.0 = Debug|x64
		{8BFBFD95-7551-413D-80E7-3CA7173EB3F4}.Debug|Any CPU.Deploy.0 = Debug|x64
		{8BFBFD95-7551-413D-80E7-3CA7173EB3F4}.Debug|ARM64.ActiveCfg = Debug|ARM64
		{8BFBFD95-7551-413D-80E7-3CA7173EB3F4}.Debug|ARM64.Build.0 = Debug|ARM64
		{8BFBFD95-7551-413D-80E7-3CA7173EB3F4}.Debug|ARM64.Deploy.0 = Debug|ARM64
		{8BFBFD95-7551-413D-80E7-3CA7173EB3F4}.Debug|x64.ActiveCfg = Debug|x64
		{8BFBFD95-7551-413D-80E7-3CA7173EB3F4}.Debug|x64.Build.0 = Debug|x64
		{8BFBFD95-7551-413D-80E7-3CA7173EB3F4}.Debug|x64.Deploy.0 = Debug|x64
		{8BFBFD95-7551-413D-80E7-3CA7173EB3F4}.Debug|x86.ActiveCfg = Debug|x86
		{8BFBFD95-7551-413D-80E7-3CA7173EB3F4}.Debug|x86.Build.0 = Debug|x86
		{8BFBFD95-7551-413D-80E7-3CA7173EB3F4}.Debug|x86.Deploy.0 = Debug|x86
		{8BFBFD95-7551-413D-80E7-3CA7173EB3F4}.Release|Any CPU.ActiveCfg = Release|x64
		{8BFBFD95-7551-413D-80E7-3CA7173EB3F4}.Release|Any CPU.Build.0 = Release|x64
		{8BFBFD95-7551-413D-80E7-3CA7173EB3F4}.Release|Any CPU.Deploy.0 = Release|x64
		{8BFBFD95-7551-413D-80E7-3CA7173EB3F4}.Release|ARM64.ActiveCfg = Release|ARM64
		{8BFBFD95-7551-413D-80E7-3CA7173EB3F4}.Release|ARM64.Build.0 = Release|ARM64
		{8BFBFD95-7551-413D-80E7-3CA7173EB3F4}.Release|ARM64.Deploy.0 = Release|ARM64
		{8BFBFD95-7551-413D-80E7-3CA7173EB3F4}.Release|x64.ActiveCfg = Release|x64
		{8BFBFD95-7551-413D-80E7-3CA7173EB3F4}.Release|x64.Build.0 = Release|x64
		{8BFBFD95-7551-413D-80E7-3CA7173EB3F4}.Release|x64.Deploy.0 = Release|x64
		{8BFBFD95-7551-413D-80E7-3CA7173EB3F4}.Release|x86.ActiveCfg = Release|x86
		{8BFBFD95-7551-413D-80E7-3CA7173EB3F4}.Release|x86.Build.0 = Release|x86
		{8BFBFD95-7551-413D-80E7-3CA7173EB3F4}.Release|x86.Deploy.0 = Release|x86
		{E8025E06-8EED-4DC9-86E8-264DFEA8ED8D}.Debug|Any CPU.ActiveCfg = Debug|x64
		{E8025E06-8EED-4DC9-86E8-264DFEA8ED8D}.Debug|Any CPU.Build.0 = Debug|x64
		{E8025E06-8EED-4DC9-86E8-264DFEA8ED8D}.Debug|Any CPU.Deploy.0 = Debug|x64
		{E8025E06-8EED-4DC9-86E8-264DFEA8ED8D}.Debug|ARM64.ActiveCfg = Debug|ARM64
		{E8025E06-8EED-4DC9-86E8-264DFEA8ED8D}.Debug|ARM64.Build.0 = Debug|ARM64
		{E8025E06-8EED-4DC9-86E8-264DFEA8ED8D}.Debug|ARM64.Deploy.0 = Debug|ARM64
		{E8025E06-8EED-4DC9-86E8-264DFEA8ED8D}.Debug|x64.ActiveCfg = Debug|x64
		{E8025E06-8EED-4DC9-86E8-264DFEA8ED8D}.Debug|x64.Build.0 = Debug|x64
		{E8025E06-8EED-4DC9-86E8-264DFEA8ED8D}.Debug|x64.Deploy.0 = Debug|x64
		{E8025E06-8EED-4DC9-86E8-264DFEA8ED8D}.Debug|x86.ActiveCfg = Debug|x86
		{E8025E06-8EED-4DC9-86E8-264DFEA8ED8D}.Debug|x86.Build.0 = Debug|x86
		{E8025E06-8EED-4DC9-86E8-264DFEA8ED8D}.Debug|x86.Deploy.0 = Debug|x86
		{E8025E06-8EED-4DC9-86E8-264DFEA8ED8D}.Release|Any CPU.ActiveCfg = Release|x64
		{E8025E06-8EED-4DC9-86E8-264DFEA8ED8D}.Release|Any CPU.Build.0 = Release|x64
		{E8025E06-8EED-4DC9-86E8-264DFEA8ED8D}.Release|Any CPU.Deploy.0 = Release|x64
		{E8025E06-8EED-4DC9-86E8-264DFEA8ED8D}.Release|ARM64.ActiveCfg = Release|ARM64
		{E8025E06-8EED-4DC9-86E8-264DFEA8ED8D}.Release|ARM64.Build.0 = Release|ARM64
		{E8025E06-8EED-4DC9-86E8-264DFEA8ED8D}.Release|ARM64.Deploy.0 = Release|ARM64
		{E8025E06-8EED-4DC9-86E8-264DFEA8ED8D}.Release|x64.ActiveCfg = Release|x64
		{E8025E06-8EED-4DC9-86E8-264DFEA8ED8D}.Release|x64.Build.0 = Release|x64
		{E8025E06-8EED-4DC9-86E8-264DFEA8ED8D}.Release|x64.Deploy.0 = Release|x64
		{E8025E06-8EED-4DC9-86E8-264DFEA8ED8D}.Release|x86.ActiveCfg = Release|x86
		{E8025E06-8EED-4DC9-86E8-264DFEA8ED8D}.Release|x86.Build.0 = Release|x86
		{E8025E06-8EED-4DC9-86E8-264DFEA8ED8D}.Release|x86.Deploy.0 = Release|x86
		{740042D1-C05A-4DDA-A236-AB08D417D301}.Debug|Any CPU.ActiveCfg = Debug|Any CPU
		{740042D1-C05A-4DDA-A236-AB08D417D301}.Debug|Any CPU.Build.0 = Debug|Any CPU
		{740042D1-C05A-4DDA-A236-AB08D417D301}.Debug|ARM64.ActiveCfg = Debug|Any CPU
		{740042D1-C05A-4DDA-A236-AB08D417D301}.Debug|ARM64.Build.0 = Debug|Any CPU
		{740042D1-C05A-4DDA-A236-AB08D417D301}.Debug|x64.ActiveCfg = Debug|Any CPU
		{740042D1-C05A-4DDA-A236-AB08D417D301}.Debug|x64.Build.0 = Debug|Any CPU
		{740042D1-C05A-4DDA-A236-AB08D417D301}.Debug|x86.ActiveCfg = Debug|Any CPU
		{740042D1-C05A-4DDA-A236-AB08D417D301}.Debug|x86.Build.0 = Debug|Any CPU
		{740042D1-C05A-4DDA-A236-AB08D417D301}.Release|Any CPU.ActiveCfg = Release|Any CPU
		{740042D1-C05A-4DDA-A236-AB08D417D301}.Release|Any CPU.Build.0 = Release|Any CPU
		{740042D1-C05A-4DDA-A236-AB08D417D301}.Release|ARM64.ActiveCfg = Release|Any CPU
		{740042D1-C05A-4DDA-A236-AB08D417D301}.Release|ARM64.Build.0 = Release|Any CPU
		{740042D1-C05A-4DDA-A236-AB08D417D301}.Release|x64.ActiveCfg = Release|Any CPU
		{740042D1-C05A-4DDA-A236-AB08D417D301}.Release|x64.Build.0 = Release|Any CPU
		{740042D1-C05A-4DDA-A236-AB08D417D301}.Release|x86.ActiveCfg = Release|Any CPU
		{740042D1-C05A-4DDA-A236-AB08D417D301}.Release|x86.Build.0 = Release|Any CPU
	EndGlobalSection
	GlobalSection(SolutionProperties) = preSolution
		HideSolutionNode = FALSE
	EndGlobalSection
	GlobalSection(ExtensibilityGlobals) = postSolution
		SolutionGuid = {74FDE259-F8A1-4449-AF8F-9A07209FB9DA}
	EndGlobalSection
EndGlobal
